// !$*UTF8*$!
{
	archiveVersion = 1;
	classes = {
	};
	objectVersion = 56;
	objects = {

/* Begin PBXBuildFile section */
		E617C8DD2ADC92D70099CDF7 /* DataModel.swift in Sources */ = {isa = PBXBuildFile; fileRef = E617C8DC2ADC92D70099CDF7 /* DataModel.swift */; };
		E617C8E12ADCC1A30099CDF7 /* IconPickerViewController.swift in Sources */ = {isa = PBXBuildFile; fileRef = E617C8E02ADCC1A30099CDF7 /* IconPickerViewController.swift */; };
		E65B23462AD9A03200791847 /* AllListsViewController.swift in Sources */ = {isa = PBXBuildFile; fileRef = E65B23442AD9A03200791847 /* AllListsViewController.swift */; };
		E65B23492AD9AFB600791847 /* Checklist.swift in Sources */ = {isa = PBXBuildFile; fileRef = E65B23482AD9AFB500791847 /* Checklist.swift */; };
		E65B234B2AD9C3FF00791847 /* ListDetailViewController.swift in Sources */ = {isa = PBXBuildFile; fileRef = E65B234A2AD9C3FF00791847 /* ListDetailViewController.swift */; };
		E66732902AD4EEF800DABF8B /* ChecklistItem.swift in Sources */ = {isa = PBXBuildFile; fileRef = E667328F2AD4EEF800DABF8B /* ChecklistItem.swift */; };
		E67775092AD6F16400BC1363 /* ItemDetailViewController.swift in Sources */ = {isa = PBXBuildFile; fileRef = E67775082AD6F16400BC1363 /* ItemDetailViewController.swift */; };
		E6CFCA3D2ACB24890057C2C5 /* AppDelegate.swift in Sources */ = {isa = PBXBuildFile; fileRef = E6CFCA3C2ACB24890057C2C5 /* AppDelegate.swift */; };
		E6CFCA3F2ACB24890057C2C5 /* SceneDelegate.swift in Sources */ = {isa = PBXBuildFile; fileRef = E6CFCA3E2ACB24890057C2C5 /* SceneDelegate.swift */; };
		E6CFCA412ACB24890057C2C5 /* ChecklistViewController.swift in Sources */ = {isa = PBXBuildFile; fileRef = E6CFCA402ACB24890057C2C5 /* ChecklistViewController.swift */; };
		E6CFCA442ACB24890057C2C5 /* Main.storyboard in Resources */ = {isa = PBXBuildFile; fileRef = E6CFCA422ACB24890057C2C5 /* Main.storyboard */; };
		E6CFCA462ACB248B0057C2C5 /* Assets.xcassets in Resources */ = {isa = PBXBuildFile; fileRef = E6CFCA452ACB248B0057C2C5 /* Assets.xcassets */; };
		E6CFCA492ACB248B0057C2C5 /* LaunchScreen.storyboard in Resources */ = {isa = PBXBuildFile; fileRef = E6CFCA472ACB248B0057C2C5 /* LaunchScreen.storyboard */; };
/* End PBXBuildFile section */

/* Begin PBXFileReference section */
		E617C8DC2ADC92D70099CDF7 /* DataModel.swift */ = {isa = PBXFileReference; lastKnownFileType = sourcecode.swift; path = DataModel.swift; sourceTree = "<group>"; };
		E617C8E02ADCC1A30099CDF7 /* IconPickerViewController.swift */ = {isa = PBXFileReference; lastKnownFileType = sourcecode.swift; path = IconPickerViewController.swift; sourceTree = "<group>"; };
		E65B23442AD9A03200791847 /* AllListsViewController.swift */ = {isa = PBXFileReference; lastKnownFileType = sourcecode.swift; path = AllListsViewController.swift; sourceTree = "<group>"; };
		E65B23482AD9AFB500791847 /* Checklist.swift */ = {isa = PBXFileReference; lastKnownFileType = sourcecode.swift; path = Checklist.swift; sourceTree = "<group>"; };
		E65B234A2AD9C3FF00791847 /* ListDetailViewController.swift */ = {isa = PBXFileReference; lastKnownFileType = sourcecode.swift; path = ListDetailViewController.swift; sourceTree = "<group>"; };
		E667328F2AD4EEF800DABF8B /* ChecklistItem.swift */ = {isa = PBXFileReference; lastKnownFileType = sourcecode.swift; path = ChecklistItem.swift; sourceTree = "<group>"; };
		E67775082AD6F16400BC1363 /* ItemDetailViewController.swift */ = {isa = PBXFileReference; lastKnownFileType = sourcecode.swift; path = ItemDetailViewController.swift; sourceTree = "<group>"; };
		E6CFCA392ACB24880057C2C5 /* Checklist.app */ = {isa = PBXFileReference; explicitFileType = wrapper.application; includeInIndex = 0; path = Checklist.app; sourceTree = BUILT_PRODUCTS_DIR; };
		E6CFCA3C2ACB24890057C2C5 /* AppDelegate.swift */ = {isa = PBXFileReference; lastKnownFileType = sourcecode.swift; path = AppDelegate.swift; sourceTree = "<group>"; };
		E6CFCA3E2ACB24890057C2C5 /* SceneDelegate.swift */ = {isa = PBXFileReference; lastKnownFileType = sourcecode.swift; path = SceneDelegate.swift; sourceTree = "<group>"; };
		E6CFCA402ACB24890057C2C5 /* ChecklistViewController.swift */ = {isa = PBXFileReference; lastKnownFileType = sourcecode.swift; path = ChecklistViewController.swift; sourceTree = "<group>"; };
		E6CFCA432ACB24890057C2C5 /* Base */ = {isa = PBXFileReference; lastKnownFileType = file.storyboard; name = Base; path = Base.lproj/Main.storyboard; sourceTree = "<group>"; };
		E6CFCA452ACB248B0057C2C5 /* Assets.xcassets */ = {isa = PBXFileReference; lastKnownFileType = folder.assetcatalog; path = Assets.xcassets; sourceTree = "<group>"; };
		E6CFCA482ACB248B0057C2C5 /* Base */ = {isa = PBXFileReference; lastKnownFileType = file.storyboard; name = Base; path = Base.lproj/LaunchScreen.storyboard; sourceTree = "<group>"; };
		E6CFCA4A2ACB248B0057C2C5 /* Info.plist */ = {isa = PBXFileReference; lastKnownFileType = text.plist.xml; path = Info.plist; sourceTree = "<group>"; };
/* End PBXFileReference section */

/* Begin PBXFrameworksBuildPhase section */
		E6CFCA362ACB24880057C2C5 /* Frameworks */ = {
			isa = PBXFrameworksBuildPhase;
			buildActionMask = 2147483647;
			files = (
			);
			runOnlyForDeploymentPostprocessing = 0;
		};
/* End PBXFrameworksBuildPhase section */

/* Begin PBXGroup section */
		E617C8DE2ADCA7940099CDF7 /* viewcontrollers */ = {
			isa = PBXGroup;
			children = (
				E6CFCA402ACB24890057C2C5 /* ChecklistViewController.swift */,
				E65B23442AD9A03200791847 /* AllListsViewController.swift */,
				E67775082AD6F16400BC1363 /* ItemDetailViewController.swift */,
				E65B234A2AD9C3FF00791847 /* ListDetailViewController.swift */,
				E617C8E02ADCC1A30099CDF7 /* IconPickerViewController.swift */,
			);
			path = viewcontrollers;
			sourceTree = "<group>";
		};
		E617C8DF2ADCA7AE0099CDF7 /* datamodels */ = {
			isa = PBXGroup;
			children = (
				E617C8DC2ADC92D70099CDF7 /* DataModel.swift */,
				E667328F2AD4EEF800DABF8B /* ChecklistItem.swift */,
				E65B23482AD9AFB500791847 /* Checklist.swift */,
			);
			path = datamodels;
			sourceTree = "<group>";
		};
		E6CFCA302ACB24880057C2C5 = {
			isa = PBXGroup;
			children = (
				E6CFCA3B2ACB24880057C2C5 /* Checklist */,
				E6CFCA3A2ACB24880057C2C5 /* Products */,
			);
			sourceTree = "<group>";
		};
		E6CFCA3A2ACB24880057C2C5 /* Products */ = {
			isa = PBXGroup;
			children = (
				E6CFCA392ACB24880057C2C5 /* Checklist.app */,
			);
			name = Products;
			sourceTree = "<group>";
		};
		E6CFCA3B2ACB24880057C2C5 /* Checklist */ = {
			isa = PBXGroup;
			children = (
				E617C8DF2ADCA7AE0099CDF7 /* datamodels */,
				E617C8DE2ADCA7940099CDF7 /* viewcontrollers */,
				E6CFCA3C2ACB24890057C2C5 /* AppDelegate.swift */,
				E6CFCA452ACB248B0057C2C5 /* Assets.xcassets */,
				E6CFCA4A2ACB248B0057C2C5 /* Info.plist */,
				E6CFCA472ACB248B0057C2C5 /* LaunchScreen.storyboard */,
				E6CFCA422ACB24890057C2C5 /* Main.storyboard */,
				E6CFCA3E2ACB24890057C2C5 /* SceneDelegate.swift */,
			);
			path = Checklist;
			sourceTree = "<group>";
		};
/* End PBXGroup section */

/* Begin PBXNativeTarget section */
		E6CFCA382ACB24880057C2C5 /* Checklist */ = {
			isa = PBXNativeTarget;
			buildConfigurationList = E6CFCA4D2ACB248B0057C2C5 /* Build configuration list for PBXNativeTarget "Checklist" */;
			buildPhases = (
				E6CFCA352ACB24880057C2C5 /* Sources */,
				E6CFCA362ACB24880057C2C5 /* Frameworks */,
				E6CFCA372ACB24880057C2C5 /* Resources */,
			);
			buildRules = (
			);
			dependencies = (
			);
			name = Checklist;
			productName = Checklist;
			productReference = E6CFCA392ACB24880057C2C5 /* Checklist.app */;
			productType = "com.apple.product-type.application";
		};
/* End PBXNativeTarget section */

/* Begin PBXProject section */
		E6CFCA312ACB24880057C2C5 /* Project object */ = {
			isa = PBXProject;
			attributes = {
				BuildIndependentTargetsInParallel = 1;
				LastSwiftUpdateCheck = 1500;
				LastUpgradeCheck = 1500;
				TargetAttributes = {
					E6CFCA382ACB24880057C2C5 = {
						CreatedOnToolsVersion = 15.0;
					};
				};
			};
			buildConfigurationList = E6CFCA342ACB24880057C2C5 /* Build configuration list for PBXProject "Checklist" */;
			compatibilityVersion = "Xcode 14.0";
			developmentRegion = en;
			hasScannedForEncodings = 0;
			knownRegions = (
				en,
				Base,
			);
			mainGroup = E6CFCA302ACB24880057C2C5;
			productRefGroup = E6CFCA3A2ACB24880057C2C5 /* Products */;
			projectDirPath = "";
			projectRoot = "";
			targets = (
				E6CFCA382ACB24880057C2C5 /* Checklist */,
			);
		};
/* End PBXProject section */

/* Begin PBXResourcesBuildPhase section */
		E6CFCA372ACB24880057C2C5 /* Resources */ = {
			isa = PBXResourcesBuildPhase;
			buildActionMask = 2147483647;
			files = (
				E6CFCA492ACB248B0057C2C5 /* LaunchScreen.storyboard in Resources */,
				E6CFCA462ACB248B0057C2C5 /* Assets.xcassets in Resources */,
				E6CFCA442ACB24890057C2C5 /* Main.storyboard in Resources */,
			);
			runOnlyForDeploymentPostprocessing = 0;
		};
/* End PBXResourcesBuildPhase section */

/* Begin PBXSourcesBuildPhase section */
		E6CFCA352ACB24880057C2C5 /* Sources */ = {
			isa = PBXSourcesBuildPhase;
			buildActionMask = 2147483647;
			files = (
				E67775092AD6F16400BC1363 /* ItemDetailViewController.swift in Sources */,
				E6CFCA412ACB24890057C2C5 /* ChecklistViewController.swift in Sources */,
				E65B23462AD9A03200791847 /* AllListsViewController.swift in Sources */,
				E617C8E12ADCC1A30099CDF7 /* IconPickerViewController.swift in Sources */,
				E6CFCA3D2ACB24890057C2C5 /* AppDelegate.swift in Sources */,
				E6CFCA3F2ACB24890057C2C5 /* SceneDelegate.swift in Sources */,
				E66732902AD4EEF800DABF8B /* ChecklistItem.swift in Sources */,
				E65B23492AD9AFB600791847 /* Checklist.swift in Sources */,
				E65B234B2AD9C3FF00791847 /* ListDetailViewController.swift in Sources */,
				E617C8DD2ADC92D70099CDF7 /* DataModel.swift in Sources */,
			);
			runOnlyForDeploymentPostprocessing = 0;
		};
/* End PBXSourcesBuildPhase section */

/* Begin PBXVariantGroup section */
		E6CFCA422ACB24890057C2C5 /* Main.storyboard */ = {
			isa = PBXVariantGroup;
			children = (
				E6CFCA432ACB24890057C2C5 /* Base */,
			);
			name = Main.storyboard;
			sourceTree = "<group>";
		};
		E6CFCA472ACB248B0057C2C5 /* LaunchScreen.storyboard */ = {
			isa = PBXVariantGroup;
			children = (
				E6CFCA482ACB248B0057C2C5 /* Base */,
			);
			name = LaunchScreen.storyboard;
			sourceTree = "<group>";
		};
/* End PBXVariantGroup section */

/* Begin XCBuildConfiguration section */
		E6CFCA4B2ACB248B0057C2C5 /* Debug */ = {
			isa = XCBuildConfiguration;
			buildSettings = {
				ALWAYS_SEARCH_USER_PATHS = NO;
				ASSETCATALOG_COMPILER_GENERATE_SWIFT_ASSET_SYMBOL_EXTENSIONS = YES;
				CLANG_ANALYZER_NONNULL = YES;
				CLANG_ANALYZER_NUMBER_OBJECT_CONVERSION = YES_AGGRESSIVE;
				CLANG_CXX_LANGUAGE_STANDARD = "gnu++20";
				CLANG_ENABLE_MODULES = YES;
				CLANG_ENABLE_OBJC_ARC = YES;
				CLANG_ENABLE_OBJC_WEAK = YES;
				CLANG_WARN_BLOCK_CAPTURE_AUTORELEASING = YES;
				CLANG_WARN_BOOL_CONVERSION = YES;
				CLANG_WARN_COMMA = YES;
				CLANG_WARN_CONSTANT_CONVERSION = YES;
				CLANG_WARN_DEPRECATED_OBJC_IMPLEMENTATIONS = YES;
				CLANG_WARN_DIRECT_OBJC_ISA_USAGE = YES_ERROR;
				CLANG_WARN_DOCUMENTATION_COMMENTS = YES;
				CLANG_WARN_EMPTY_BODY = YES;
				CLANG_WARN_ENUM_CONVERSION = YES;
				CLANG_WARN_INFINITE_RECURSION = YES;
				CLANG_WARN_INT_CONVERSION = YES;
				CLANG_WARN_NON_LITERAL_NULL_CONVERSION = YES;
				CLANG_WARN_OBJC_IMPLICIT_RETAIN_SELF = YES;
				CLANG_WARN_OBJC_LITERAL_CONVERSION = YES;
				CLANG_WARN_OBJC_ROOT_CLASS = YES_ERROR;
				CLANG_WARN_QUOTED_INCLUDE_IN_FRAMEWORK_HEADER = YES;
				CLANG_WARN_RANGE_LOOP_ANALYSIS = YES;
				CLANG_WARN_STRICT_PROTOTYPES = YES;
				CLANG_WARN_SUSPICIOUS_MOVE = YES;
				CLANG_WARN_UNGUARDED_AVAILABILITY = YES_AGGRESSIVE;
				CLANG_WARN_UNREACHABLE_CODE = YES;
				CLANG_WARN__DUPLICATE_METHOD_MATCH = YES;
				COPY_PHASE_STRIP = NO;
				DEBUG_INFORMATION_FORMAT = dwarf;
				ENABLE_STRICT_OBJC_MSGSEND = YES;
				ENABLE_TESTABILITY = YES;
				ENABLE_USER_SCRIPT_SANDBOXING = YES;
				GCC_C_LANGUAGE_STANDARD = gnu17;
				GCC_DYNAMIC_NO_PIC = NO;
				GCC_NO_COMMON_BLOCKS = YES;
				GCC_OPTIMIZATION_LEVEL = 0;
				GCC_PREPROCESSOR_DEFINITIONS = (
					"DEBUG=1",
					"$(inherited)",
				);
				GCC_WARN_64_TO_32_BIT_CONVERSION = YES;
				GCC_WARN_ABOUT_RETURN_TYPE = YES_ERROR;
				GCC_WARN_UNDECLARED_SELECTOR = YES;
				GCC_WARN_UNINITIALIZED_AUTOS = YES_AGGRESSIVE;
				GCC_WARN_UNUSED_FUNCTION = YES;
				GCC_WARN_UNUSED_VARIABLE = YES;
				IPHONEOS_DEPLOYMENT_TARGET = 17.0;
				LOCALIZATION_PREFERS_STRING_CATALOGS = YES;
				MTL_ENABLE_DEBUG_INFO = INCLUDE_SOURCE;
				MTL_FAST_MATH = YES;
				ONLY_ACTIVE_ARCH = YES;
				SDKROOT = iphoneos;
				SWIFT_ACTIVE_COMPILATION_CONDITIONS = "DEBUG $(inherited)";
				SWIFT_OPTIMIZATION_LEVEL = "-Onone";
			};
			name = Debug;
		};
		E6CFCA4C2ACB248B0057C2C5 /* Release */ = {
			isa = XCBuildConfiguration;
			buildSettings = {
				ALWAYS_SEARCH_USER_PATHS = NO;
				ASSETCATALOG_COMPILER_GENERATE_SWIFT_ASSET_SYMBOL_EXTENSIONS = YES;
				CLANG_ANALYZER_NONNULL = YES;
				CLANG_ANALYZER_NUMBER_OBJECT_CONVERSION = YES_AGGRESSIVE;
				CLANG_CXX_LANGUAGE_STANDARD = "gnu++20";
				CLANG_ENABLE_MODULES = YES;
				CLANG_ENABLE_OBJC_ARC = YES;
				CLANG_ENABLE_OBJC_WEAK = YES;
				CLANG_WARN_BLOCK_CAPTURE_AUTORELEASING = YES;
				CLANG_WARN_BOOL_CONVERSION = YES;
				CLANG_WARN_COMMA = YES;
				CLANG_WARN_CONSTANT_CONVERSION = YES;
				CLANG_WARN_DEPRECATED_OBJC_IMPLEMENTATIONS = YES;
				CLANG_WARN_DIRECT_OBJC_ISA_USAGE = YES_ERROR;
				CLANG_WARN_DOCUMENTATION_COMMENTS = YES;
				CLANG_WARN_EMPTY_BODY = YES;
				CLANG_WARN_ENUM_CONVERSION = YES;
				CLANG_WARN_INFINITE_RECURSION = YES;
				CLANG_WARN_INT_CONVERSION = YES;
				CLANG_WARN_NON_LITERAL_NULL_CONVERSION = YES;
				CLANG_WARN_OBJC_IMPLICIT_RETAIN_SELF = YES;
				CLANG_WARN_OBJC_LITERAL_CONVERSION = YES;
				CLANG_WARN_OBJC_ROOT_CLASS = YES_ERROR;
				CLANG_WARN_QUOTED_INCLUDE_IN_FRAMEWORK_HEADER = YES;
				CLANG_WARN_RANGE_LOOP_ANALYSIS = YES;
				CLANG_WARN_STRICT_PROTOTYPES = YES;
				CLANG_WARN_SUSPICIOUS_MOVE = YES;
				CLANG_WARN_UNGUARDED_AVAILABILITY = YES_AGGRESSIVE;
				CLANG_WARN_UNREACHABLE_CODE = YES;
				CLANG_WARN__DUPLICATE_METHOD_MATCH = YES;
				COPY_PHASE_STRIP = NO;
				DEBUG_INFORMATION_FORMAT = "dwarf-with-dsym";
				ENABLE_NS_ASSERTIONS = NO;
				ENABLE_STRICT_OBJC_MSGSEND = YES;
				ENABLE_USER_SCRIPT_SANDBOXING = YES;
				GCC_C_LANGUAGE_STANDARD = gnu17;
				GCC_NO_COMMON_BLOCKS = YES;
				GCC_WARN_64_TO_32_BIT_CONVERSION = YES;
				GCC_WARN_ABOUT_RETURN_TYPE = YES_ERROR;
				GCC_WARN_UNDECLARED_SELECTOR = YES;
				GCC_WARN_UNINITIALIZED_AUTOS = YES_AGGRESSIVE;
				GCC_WARN_UNUSED_FUNCTION = YES;
				GCC_WARN_UNUSED_VARIABLE = YES;
				IPHONEOS_DEPLOYMENT_TARGET = 17.0;
				LOCALIZATION_PREFERS_STRING_CATALOGS = YES;
				MTL_ENABLE_DEBUG_INFO = NO;
				MTL_FAST_MATH = YES;
				SDKROOT = iphoneos;
				SWIFT_COMPILATION_MODE = wholemodule;
				VALIDATE_PRODUCT = YES;
			};
			name = Release;
		};
		E6CFCA4E2ACB248B0057C2C5 /* Debug */ = {
			isa = XCBuildConfiguration;
			buildSettings = {
				ASSETCATALOG_COMPILER_APPICON_NAME = AppIcon;
				ASSETCATALOG_COMPILER_GLOBAL_ACCENT_COLOR_NAME = AccentColor;
				CODE_SIGN_STYLE = Automatic;
				CURRENT_PROJECT_VERSION = 1;
				DEVELOPMENT_TEAM = R2ZKT7XPX2;
				GENERATE_INFOPLIST_FILE = YES;
				INFOPLIST_FILE = Checklist/Info.plist;
				INFOPLIST_KEY_UIApplicationSupportsIndirectInputEvents = YES;
				INFOPLIST_KEY_UILaunchStoryboardName = LaunchScreen;
				INFOPLIST_KEY_UIMainStoryboardFile = Main;
				INFOPLIST_KEY_UISupportedInterfaceOrientations = UIInterfaceOrientationPortrait;
				INFOPLIST_KEY_UISupportedInterfaceOrientations_iPad = "UIInterfaceOrientationLandscapeLeft UIInterfaceOrientationLandscapeRight UIInterfaceOrientationPortrait UIInterfaceOrientationPortraitUpsideDown";
				LD_RUNPATH_SEARCH_PATHS = (
					"$(inherited)",
					"@executable_path/Frameworks",
				);
				MARKETING_VERSION = 1.0;
				PRODUCT_BUNDLE_IDENTIFIER = eder.dev.pad.Checklist;
				PRODUCT_NAME = "$(TARGET_NAME)";
				SWIFT_EMIT_LOC_STRINGS = YES;
				SWIFT_VERSION = 5.0;
				TARGETED_DEVICE_FAMILY = "1,2";
			};
			name = Debug;
		};
		E6CFCA4F2ACB248B0057C2C5 /* Release */ = {
			isa = XCBuildConfiguration;
			buildSettings = {
				ASSETCATALOG_COMPILER_APPICON_NAME = AppIcon;
				ASSETCATALOG_COMPILER_GLOBAL_ACCENT_COLOR_NAME = AccentColor;
				CODE_SIGN_STYLE = Automatic;
				CURRENT_PROJECT_VERSION = 1;
				DEVELOPMENT_TEAM = R2ZKT7XPX2;
				GENERATE_INFOPLIST_FILE = YES;
				INFOPLIST_FILE = Checklist/Info.plist;
				INFOPLIST_KEY_UIApplicationSupportsIndirectInputEvents = YES;
				INFOPLIST_KEY_UILaunchStoryboardName = LaunchScreen;
				INFOPLIST_KEY_UIMainStoryboardFile = Main;
				INFOPLIST_KEY_UISupportedInterfaceOrientations = UIInterfaceOrientationPortrait;
				INFOPLIST_KEY_UISupportedInterfaceOrientations_iPad = "UIInterfaceOrientationLandscapeLeft UIInterfaceOrientationLandscapeRight UIInterfaceOrientationPortrait UIInterfaceOrientationPortraitUpsideDown";
				LD_RUNPATH_SEARCH_PATHS = (
					"$(inherited)",
					"@executable_path/Frameworks",
				);
				MARKETING_VERSION = 1.0;
				PRODUCT_BUNDLE_IDENTIFIER = eder.dev.pad.Checklist;
				PRODUCT_NAME = "$(TARGET_NAME)";
				SWIFT_EMIT_LOC_STRINGS = YES;
				SWIFT_VERSION = 5.0;
				TARGETED_DEVICE_FAMILY = "1,2";
			};
			name = Release;
		};
/* End XCBuildConfiguration section */

/* Begin XCConfigurationList section */
		E6CFCA342ACB24880057C2C5 /* Build configuration list for PBXProject "Checklist" */ = {
			isa = XCConfigurationList;
			buildConfigurations = (
				E6CFCA4B2ACB248B0057C2C5 /* Debug */,
				E6CFCA4C2ACB248B0057C2C5 /* Release */,
			);
			defaultConfigurationIsVisible = 0;
			defaultConfigurationName = Release;
		};
		E6CFCA4D2ACB248B0057C2C5 /* Build configuration list for PBXNativeTarget "Checklist" */ = {
			isa = XCConfigurationList;
			buildConfigurations = (
				E6CFCA4E2ACB248B0057C2C5 /* Debug */,
				E6CFCA4F2ACB248B0057C2C5 /* Release */,
			);
			defaultConfigurationIsVisible = 0;
			defaultConfigurationName = Release;
		};
/* End XCConfigurationList section */
	};
	rootObject = E6CFCA312ACB24880057C2C5 /* Project object */;
}
